
Microsoft Visual Studio Solution File, Format Version 12.00
# Visual Studio Version 17
VisualStudioVersion = 17.0.31903.59
MinimumVisualStudioVersion = 10.0.40219.1
Project("{FAE04EC0-301F-11D3-BF4B-00C04F79EFBC}") = "Gardening.Tests", "Gardening.Tests\Gardening.Tests.csproj", "{AE35BBE1-2106-44F9-AC99-221C49858461}"
EndProject
Project("{FAE04EC0-301F-11D3-BF4B-00C04F79EFBC}") = "Gardening", "Gardening\Gardening.csproj", "{2288C5C8-5178-4E92-9217-2122D6028DCC}"
EndProject
Global
	GlobalSection(SolutionConfigurationPlatforms) = preSolution
		Debug|Any CPU = Debug|Any CPU
		Release|Any CPU = Release|Any CPU
	EndGlobalSection
	GlobalSection(SolutionProperties) = preSolution
		HideSolutionNode = FALSE
	EndGlobalSection
	GlobalSection(ProjectConfigurationPlatforms) = postSolution
		{AE35BBE1-2106-44F9-AC99-221C49858461}.Debug|Any CPU.ActiveCfg = Debug|Any CPU
		{AE35BBE1-2106-44F9-AC99-221C49858461}.Debug|Any CPU.Build.0 = Debug|Any CPU
		{AE35BBE1-2106-44F9-AC99-221C49858461}.Release|Any CPU.ActiveCfg = Release|Any CPU
		{AE35BBE1-2106-44F9-AC99-221C49858461}.Release|Any CPU.Build.0 = Release|Any CPU
		{2288C5C8-5178-4E92-9217-2122D6028DCC}.Debug|Any CPU.ActiveCfg = Debug|Any CPU
		{2288C5C8-5178-4E92-9217-2122D6028DCC}.Debug|Any CPU.Build.0 = Debug|Any CPU
		{2288C5C8-5178-4E92-9217-2122D6028DCC}.Release|Any CPU.ActiveCfg = Release|Any CPU
		{2288C5C8-5178-4E92-9217-2122D6028DCC}.Release|Any CPU.Build.0 = Release|Any CPU
	EndGlobalSection
EndGlobal
